// !$*UTF8*$!
{
	archiveVersion = 1;
	classes = {
	};
	objectVersion = 50;
	objects = {

/* Begin PBXBuildFile section */
		EE7D25D820A0EF3F0039D1DA /* AppDelegate.swift in Sources */ = {isa = PBXBuildFile; fileRef = EE7D25D720A0EF3F0039D1DA /* AppDelegate.swift */; };
		EE7D25DA20A0EF3F0039D1DA /* ViewController.swift in Sources */ = {isa = PBXBuildFile; fileRef = EE7D25D920A0EF3F0039D1DA /* ViewController.swift */; };
		EE7D25DF20A0EF400039D1DA /* Assets.xcassets in Resources */ = {isa = PBXBuildFile; fileRef = EE7D25DE20A0EF400039D1DA /* Assets.xcassets */; };
		EE7D25E220A0EF400039D1DA /* LaunchScreen.storyboard in Resources */ = {isa = PBXBuildFile; fileRef = EE7D25E020A0EF400039D1DA /* LaunchScreen.storyboard */; };
		EE7D25EA20A0EFBE0039D1DA /* Main.storyboard in Resources */ = {isa = PBXBuildFile; fileRef = EE7D25E920A0EFBE0039D1DA /* Main.storyboard */; };
		EE9AF05C20A13A1500994323 /* LoginViewController.swift in Sources */ = {isa = PBXBuildFile; fileRef = EE9AF05B20A13A1500994323 /* LoginViewController.swift */; };
		EE9AF06020A2682500994323 /* CategoryCellCollectionViewCell.swift in Sources */ = {isa = PBXBuildFile; fileRef = EE9AF05F20A2682500994323 /* CategoryCellCollectionViewCell.swift */; };
		EEB8E25F20A28B92009443DF /* SubCell.swift in Sources */ = {isa = PBXBuildFile; fileRef = EEB8E25E20A28B92009443DF /* SubCell.swift */; };
		EEB8E26120A28C83009443DF /* SubViewController.swift in Sources */ = {isa = PBXBuildFile; fileRef = EEB8E26020A28C83009443DF /* SubViewController.swift */; };
/* End PBXBuildFile section */

/* Begin PBXFileReference section */
		EE7D25D420A0EF3F0039D1DA /* app_t1.app */ = {isa = PBXFileReference; explicitFileType = wrapper.application; includeInIndex = 0; path = app_t1.app; sourceTree = BUILT_PRODUCTS_DIR; };
		EE7D25D720A0EF3F0039D1DA /* AppDelegate.swift */ = {isa = PBXFileReference; lastKnownFileType = sourcecode.swift; path = AppDelegate.swift; sourceTree = "<group>"; };
		EE7D25D920A0EF3F0039D1DA /* ViewController.swift */ = {isa = PBXFileReference; lastKnownFileType = sourcecode.swift; path = ViewController.swift; sourceTree = "<group>"; };
		EE7D25DE20A0EF400039D1DA /* Assets.xcassets */ = {isa = PBXFileReference; lastKnownFileType = folder.assetcatalog; path = Assets.xcassets; sourceTree = "<group>"; };
		EE7D25E120A0EF400039D1DA /* Base */ = {isa = PBXFileReference; lastKnownFileType = file.storyboard; name = Base; path = Base.lproj/LaunchScreen.storyboard; sourceTree = "<group>"; };
		EE7D25E320A0EF400039D1DA /* Info.plist */ = {isa = PBXFileReference; lastKnownFileType = text.plist.xml; path = Info.plist; sourceTree = "<group>"; };
		EE7D25E920A0EFBE0039D1DA /* Main.storyboard */ = {isa = PBXFileReference; lastKnownFileType = file.storyboard; path = Main.storyboard; sourceTree = "<group>"; };
		EE9AF05B20A13A1500994323 /* LoginViewController.swift */ = {isa = PBXFileReference; lastKnownFileType = sourcecode.swift; path = LoginViewController.swift; sourceTree = "<group>"; };
		EE9AF05F20A2682500994323 /* CategoryCellCollectionViewCell.swift */ = {isa = PBXFileReference; lastKnownFileType = sourcecode.swift; path = CategoryCellCollectionViewCell.swift; sourceTree = "<group>"; };
		EEB8E25E20A28B92009443DF /* SubCell.swift */ = {isa = PBXFileReference; lastKnownFileType = sourcecode.swift; path = SubCell.swift; sourceTree = "<group>"; };
		EEB8E26020A28C83009443DF /* SubViewController.swift */ = {isa = PBXFileReference; lastKnownFileType = sourcecode.swift; path = SubViewController.swift; sourceTree = "<group>"; };
/* End PBXFileReference section */

/* Begin PBXFrameworksBuildPhase section */
		EE7D25D120A0EF3F0039D1DA /* Frameworks */ = {
			isa = PBXFrameworksBuildPhase;
			buildActionMask = 2147483647;
			files = (
			);
			runOnlyForDeploymentPostprocessing = 0;
		};
/* End PBXFrameworksBuildPhase section */

/* Begin PBXGroup section */
		EE7D25CB20A0EF3F0039D1DA = {
			isa = PBXGroup;
			children = (
				EE7D25D620A0EF3F0039D1DA /* app_t1 */,
				EE7D25D520A0EF3F0039D1DA /* Products */,
			);
			sourceTree = "<group>";
		};
		EE7D25D520A0EF3F0039D1DA /* Products */ = {
			isa = PBXGroup;
			children = (
				EE7D25D420A0EF3F0039D1DA /* app_t1.app */,
			);
			name = Products;
			sourceTree = "<group>";
		};
		EE7D25D620A0EF3F0039D1DA /* app_t1 */ = {
			isa = PBXGroup;
			children = (
				EE9AF05F20A2682500994323 /* CategoryCellCollectionViewCell.swift */,
				EE7D25D720A0EF3F0039D1DA /* AppDelegate.swift */,
				EE7D25D920A0EF3F0039D1DA /* ViewController.swift */,
				EE7D25E920A0EFBE0039D1DA /* Main.storyboard */,
				EE9AF05B20A13A1500994323 /* LoginViewController.swift */,
				EE7D25DE20A0EF400039D1DA /* Assets.xcassets */,
				EE7D25E020A0EF400039D1DA /* LaunchScreen.storyboard */,
				EE7D25E320A0EF400039D1DA /* Info.plist */,
				EEB8E25E20A28B92009443DF /* SubCell.swift */,
				EEB8E26020A28C83009443DF /* SubViewController.swift */,
			);
			path = app_t1;
			sourceTree = "<group>";
		};
/* End PBXGroup section */

/* Begin PBXNativeTarget section */
		EE7D25D320A0EF3F0039D1DA /* app_t1 */ = {
			isa = PBXNativeTarget;
			buildConfigurationList = EE7D25E620A0EF400039D1DA /* Build configuration list for PBXNativeTarget "app_t1" */;
			buildPhases = (
				EE7D25D020A0EF3F0039D1DA /* Sources */,
				EE7D25D120A0EF3F0039D1DA /* Frameworks */,
				EE7D25D220A0EF3F0039D1DA /* Resources */,
			);
			buildRules = (
			);
			dependencies = (
			);
			name = app_t1;
			productName = app_t1;
			productReference = EE7D25D420A0EF3F0039D1DA /* app_t1.app */;
			productType = "com.apple.product-type.application";
		};
/* End PBXNativeTarget section */

/* Begin PBXProject section */
		EE7D25CC20A0EF3F0039D1DA /* Project object */ = {
			isa = PBXProject;
			attributes = {
				LastSwiftUpdateCheck = 0930;
				LastUpgradeCheck = 0930;
				ORGANIZATIONNAME = "Fernando Funaki";
				TargetAttributes = {
					EE7D25D320A0EF3F0039D1DA = {
						CreatedOnToolsVersion = 9.3;
					};
				};
			};
			buildConfigurationList = EE7D25CF20A0EF3F0039D1DA /* Build configuration list for PBXProject "app_t1" */;
			compatibilityVersion = "Xcode 9.3";
			developmentRegion = en;
			hasScannedForEncodings = 0;
			knownRegions = (
				en,
				Base,
			);
			mainGroup = EE7D25CB20A0EF3F0039D1DA;
			productRefGroup = EE7D25D520A0EF3F0039D1DA /* Products */;
			projectDirPath = "";
			projectRoot = "";
			targets = (
				EE7D25D320A0EF3F0039D1DA /* app_t1 */,
			);
		};
/* End PBXProject section */

/* Begin PBXResourcesBuildPhase section */
		EE7D25D220A0EF3F0039D1DA /* Resources */ = {
			isa = PBXResourcesBuildPhase;
			buildActionMask = 2147483647;
			files = (
				EE7D25EA20A0EFBE0039D1DA /* Main.storyboard in Resources */,
				EE7D25E220A0EF400039D1DA /* LaunchScreen.storyboard in Resources */,
				EE7D25DF20A0EF400039D1DA /* Assets.xcassets in Resources */,
			);
			runOnlyForDeploymentPostprocessing = 0;
		};
/* End PBXResourcesBuildPhase section */

/* Begin PBXSourcesBuildPhase section */
		EE7D25D020A0EF3F0039D1DA /* Sources */ = {
			isa = PBXSourcesBuildPhase;
			buildActionMask = 2147483647;
			files = (
				EE9AF06020A2682500994323 /* CategoryCellCollectionViewCell.swift in Sources */,
				EEB8E25F20A28B92009443DF /* SubCell.swift in Sources */,
				EE9AF05C20A13A1500994323 /* LoginViewController.swift in Sources */,
				EEB8E26120A28C83009443DF /* SubViewController.swift in Sources */,
				EE7D25DA20A0EF3F0039D1DA /* ViewController.swift in Sources */,
				EE7D25D820A0EF3F0039D1DA /* AppDelegate.swift in Sources */,
			);
			runOnlyForDeploymentPostprocessing = 0;
		};
/* End PBXSourcesBuildPhase section */

/* Begin PBXVariantGroup section */
		EE7D25E020A0EF400039D1DA /* LaunchScreen.storyboard */ = {
			isa = PBXVariantGroup;
			children = (
				EE7D25E120A0EF400039D1DA /* Base */,
			);
			name = LaunchScreen.storyboard;
			sourceTree = "<group>";
		};
/* End PBXVariantGroup section */

/* Begin XCBuildConfiguration section */
		EE7D25E420A0EF400039D1DA /* Debug */ = {
			isa = XCBuildConfiguration;
			buildSettings = {
				ALWAYS_SEARCH_USER_PATHS = NO;
				CLANG_ANALYZER_NONNULL = YES;
				CLANG_ANALYZER_NUMBER_OBJECT_CONVERSION = YES_AGGRESSIVE;
				CLANG_CXX_LANGUAGE_STANDARD = "gnu++14";
				CLANG_CXX_LIBRARY = "libc++";
				CLANG_ENABLE_MODULES = YES;
				CLANG_ENABLE_OBJC_ARC = YES;
				CLANG_ENABLE_OBJC_WEAK = YES;
				CLANG_WARN_BLOCK_CAPTURE_AUTORELEASING = YES;
				CLANG_WARN_BOOL_CONVERSION = YES;
				CLANG_WARN_COMMA = YES;
				CLANG_WARN_CONSTANT_CONVERSION = YES;
				CLANG_WARN_DEPRECATED_OBJC_IMPLEMENTATIONS = YES;
				CLANG_WARN_DIRECT_OBJC_ISA_USAGE = YES_ERROR;
				CLANG_WARN_DOCUMENTATION_COMMENTS = YES;
				CLANG_WARN_EMPTY_BODY = YES;
				CLANG_WARN_ENUM_CONVERSION = YES;
				CLANG_WARN_INFINITE_RECURSION = YES;
				CLANG_WARN_INT_CONVERSION = YES;
				CLANG_WARN_NON_LITERAL_NULL_CONVERSION = YES;
				CLANG_WARN_OBJC_IMPLICIT_RETAIN_SELF = YES;
				CLANG_WARN_OBJC_LITERAL_CONVERSION = YES;
				CLANG_WARN_OBJC_ROOT_CLASS = YES_ERROR;
				CLANG_WARN_RANGE_LOOP_ANALYSIS = YES;
				CLANG_WARN_STRICT_PROTOTYPES = YES;
				CLANG_WARN_SUSPICIOUS_MOVE = YES;
				CLANG_WARN_UNGUARDED_AVAILABILITY = YES_AGGRESSIVE;
				CLANG_WARN_UNREACHABLE_CODE = YES;
				CLANG_WARN__DUPLICATE_METHOD_MATCH = YES;
				CODE_SIGN_IDENTITY = "iPhone Developer";
				COPY_PHASE_STRIP = NO;
				DEBUG_INFORMATION_FORMAT = dwarf;
				ENABLE_STRICT_OBJC_MSGSEND = YES;
				ENABLE_TESTABILITY = YES;
				GCC_C_LANGUAGE_STANDARD = gnu11;
				GCC_DYNAMIC_NO_PIC = NO;
				GCC_NO_COMMON_BLOCKS = YES;
				GCC_OPTIMIZATION_LEVEL = 0;
				GCC_PREPROCESSOR_DEFINITIONS = (
					"DEBUG=1",
					"$(inherited)",
				);
				GCC_WARN_64_TO_32_BIT_CONVERSION = YES;
				GCC_WARN_ABOUT_RETURN_TYPE = YES_ERROR;
				GCC_WARN_UNDECLARED_SELECTOR = YES;
				GCC_WARN_UNINITIALIZED_AUTOS = YES_AGGRESSIVE;
				GCC_WARN_UNUSED_FUNCTION = YES;
				GCC_WARN_UNUSED_VARIABLE = YES;
				IPHONEOS_DEPLOYMENT_TARGET = 11.3;
				MTL_ENABLE_DEBUG_INFO = YES;
				ONLY_ACTIVE_ARCH = YES;
				SDKROOT = iphoneos;
				SWIFT_ACTIVE_COMPILATION_CONDITIONS = DEBUG;
				SWIFT_OPTIMIZATION_LEVEL = "-Onone";
			};
			name = Debug;
		};
		EE7D25E520A0EF400039D1DA /* Release */ = {
			isa = XCBuildConfiguration;
			buildSettings = {
				ALWAYS_SEARCH_USER_PATHS = NO;
				CLANG_ANALYZER_NONNULL = YES;
				CLANG_ANALYZER_NUMBER_OBJECT_CONVERSION = YES_AGGRESSIVE;
				CLANG_CXX_LANGUAGE_STANDARD = "gnu++14";
				CLANG_CXX_LIBRARY = "libc++";
				CLANG_ENABLE_MODULES = YES;
				CLANG_ENABLE_OBJC_ARC = YES;
				CLANG_ENABLE_OBJC_WEAK = YES;
				CLANG_WARN_BLOCK_CAPTURE_AUTORELEASING = YES;
				CLANG_WARN_BOOL_CONVERSION = YES;
				CLANG_WARN_COMMA = YES;
				CLANG_WARN_CONSTANT_CONVERSION = YES;
				CLANG_WARN_DEPRECATED_OBJC_IMPLEMENTATIONS = YES;
				CLANG_WARN_DIRECT_OBJC_ISA_USAGE = YES_ERROR;
				CLANG_WARN_DOCUMENTATION_COMMENTS = YES;
				CLANG_WARN_EMPTY_BODY = YES;
				CLANG_WARN_ENUM_CONVERSION = YES;
				CLANG_WARN_INFINITE_RECURSION = YES;
				CLANG_WARN_INT_CONVERSION = YES;
				CLANG_WARN_NON_LITERAL_NULL_CONVERSION = YES;
				CLANG_WARN_OBJC_IMPLICIT_RETAIN_SELF = YES;
				CLANG_WARN_OBJC_LITERAL_CONVERSION = YES;
				CLANG_WARN_OBJC_ROOT_CLASS = YES_ERROR;
				CLANG_WARN_RANGE_LOOP_ANALYSIS = YES;
				CLANG_WARN_STRICT_PROTOTYPES = YES;
				CLANG_WARN_SUSPICIOUS_MOVE = YES;
				CLANG_WARN_UNGUARDED_AVAILABILITY = YES_AGGRESSIVE;
				CLANG_WARN_UNREACHABLE_CODE = YES;
				CLANG_WARN__DUPLICATE_METHOD_MATCH = YES;
				CODE_SIGN_IDENTITY = "iPhone Developer";
				COPY_PHASE_STRIP = NO;
				DEBUG_INFORMATION_FORMAT = "dwarf-with-dsym";
				ENABLE_NS_ASSERTIONS = NO;
				ENABLE_STRICT_OBJC_MSGSEND = YES;
				GCC_C_LANGUAGE_STANDARD = gnu11;
				GCC_NO_COMMON_BLOCKS = YES;
				GCC_WARN_64_TO_32_BIT_CONVERSION = YES;
				GCC_WARN_ABOUT_RETURN_TYPE = YES_ERROR;
				GCC_WARN_UNDECLARED_SELECTOR = YES;
				GCC_WARN_UNINITIALIZED_AUTOS = YES_AGGRESSIVE;
				GCC_WARN_UNUSED_FUNCTION = YES;
				GCC_WARN_UNUSED_VARIABLE = YES;
				IPHONEOS_DEPLOYMENT_TARGET = 11.3;
				MTL_ENABLE_DEBUG_INFO = NO;
				SDKROOT = iphoneos;
				SWIFT_COMPILATION_MODE = wholemodule;
				SWIFT_OPTIMIZATION_LEVEL = "-O";
				VALIDATE_PRODUCT = YES;
			};
			name = Release;
		};
		EE7D25E720A0EF400039D1DA /* Debug */ = {
			isa = XCBuildConfiguration;
			buildSettings = {
				ASSETCATALOG_COMPILER_APPICON_NAME = AppIcon;
				CODE_SIGN_STYLE = Automatic;
				DEVELOPMENT_TEAM = 5D3PS62W64;
				INFOPLIST_FILE = app_t1/Info.plist;
				LD_RUNPATH_SEARCH_PATHS = (
					"$(inherited)",
					"@executable_path/Frameworks",
				);
				PRODUCT_BUNDLE_IDENTIFIER = "com.funaki.app-t1";
				PRODUCT_NAME = "$(TARGET_NAME)";
				SWIFT_VERSION = 4.0;
				TARGETED_DEVICE_FAMILY = "1,2";
			};
			name = Debug;
		};
		EE7D25E820A0EF400039D1DA /* Release */ = {
			isa = XCBuildConfiguration;
			buildSettings = {
				ASSETCATALOG_COMPILER_APPICON_NAME = AppIcon;
				CODE_SIGN_STYLE = Automatic;
				DEVELOPMENT_TEAM = 5D3PS62W64;
				INFOPLIST_FILE = app_t1/Info.plist;
				LD_RUNPATH_SEARCH_PATHS = (
					"$(inherited)",
					"@executable_path/Frameworks",
				);
				PRODUCT_BUNDLE_IDENTIFIER = "com.funaki.app-t1";
				PRODUCT_NAME = "$(TARGET_NAME)";
				SWIFT_VERSION = 4.0;
				TARGETED_DEVICE_FAMILY = "1,2";
			};
			name = Release;
		};
/* End XCBuildConfiguration section */

/* Begin XCConfigurationList section */
		EE7D25CF20A0EF3F0039D1DA /* Build configuration list for PBXProject "app_t1" */ = {
			isa = XCConfigurationList;
			buildConfigurations = (
				EE7D25E420A0EF400039D1DA /* Debug */,
				EE7D25E520A0EF400039D1DA /* Release */,
			);
			defaultConfigurationIsVisible = 0;
			defaultConfigurationName = Release;
		};
		EE7D25E620A0EF400039D1DA /* Build configuration list for PBXNativeTarget "app_t1" */ = {
			isa = XCConfigurationList;
			buildConfigurations = (
				EE7D25E720A0EF400039D1DA /* Debug */,
				EE7D25E820A0EF400039D1DA /* Release */,
			);
			defaultConfigurationIsVisible = 0;
			defaultConfigurationName = Release;
		};
/* End XCConfigurationList section */
	};
	rootObject = EE7D25CC20A0EF3F0039D1DA /* Project object */;
}
